
Microsoft Visual Studio Solution File, Format Version 11.00
# Visual Basic Express 2010
Project("{F184B08F-C81C-45F6-A57F-5ABD9991F28F}") = "Radwan_AdhamSnake1", "Radwan_AdhamSnake1\Radwan_AdhamSnake1.vbproj", "{82459A44-F6CA-49DD-8FC6-36AED163B3BA}"
EndProject
Global
	GlobalSection(SolutionConfigurationPlatforms) = preSolution
		Debug|x86 = Debug|x86
		Release|x86 = Release|x86
	EndGlobalSection
	GlobalSection(ProjectConfigurationPlatforms) = postSolution
		{82459A44-F6CA-49DD-8FC6-36AED163B3BA}.Debug|x86.ActiveCfg = Debug|x86
		{82459A44-F6CA-49DD-8FC6-36AED163B3BA}.Debug|x86.Build.0 = Debug|x86
		{82459A44-F6CA-49DD-8FC6-36AED163B3BA}.Release|x86.ActiveCfg = Release|x86
		{82459A44-F6CA-49DD-8FC6-36AED163B3BA}.Release|x86.Build.0 = Release|x86
	EndGlobalSection
	GlobalSection(SolutionProperties) = preSolution
		HideSolutionNode = FALSE
	EndGlobalSection
EndGlobal
